{
  "name": "test_02",
  "version": "1.0.0",
  "lockfileVersion": 3,
  "requires": true,
  "packages": {
    "": {
      "name": "test_02",
      "version": "1.0.0",
      "license": "ISC",
      "dependencies": {
        "mypack29072022": "https://kodaktor.ru/mypack29072022-1.2.3.tgz"
      }
    },
    "node_modules/mypack29072022": {
      "version": "1.2.3",
      "resolved": "https://kodaktor.ru/mypack29072022-1.2.3.tgz",
      "integrity": "sha512-+umgZR7odtLR7r9TvPq9k8h6buIDDGq2WGHgnmycQ6Rmu7R/g6sCsoN88fck3NMUEvz+gaseKXGsx0NVf7fMRw==",
      "license": "MIT"
    }
  }
}
